// !$*UTF8*$!
{
	archiveVersion = 1;
	classes = {
	};
	objectVersion = 46;
	objects = {

/* Begin PBXBuildFile section */
		E414911A1F2D218D003F52E4 /* AppDelegate.swift in Sources */ = {isa = PBXBuildFile; fileRef = E41491191F2D218D003F52E4 /* AppDelegate.swift */; };
		E414911E1F2D218D003F52E4 /* Assets.xcassets in Resources */ = {isa = PBXBuildFile; fileRef = E414911D1F2D218D003F52E4 /* Assets.xcassets */; };
		E41491291F2D222F003F52E4 /* AegisMenu.xib in Resources */ = {isa = PBXBuildFile; fileRef = E41491281F2D222F003F52E4 /* AegisMenu.xib */; };
		E414912B1F2D22AB003F52E4 /* AegisMenuController.swift in Sources */ = {isa = PBXBuildFile; fileRef = E414912A1F2D22AB003F52E4 /* AegisMenuController.swift */; };
		E414912F1F2D2EAA003F52E4 /* ArpWeaver.swift in Sources */ = {isa = PBXBuildFile; fileRef = E414912E1F2D2EAA003F52E4 /* ArpWeaver.swift */; };
		E41491331F2D30BD003F52E4 /* StatusView.swift in Sources */ = {isa = PBXBuildFile; fileRef = E41491321F2D30BD003F52E4 /* StatusView.swift */; };
		E473589A1F38BADB006DE437 /* SHA256.swift in Sources */ = {isa = PBXBuildFile; fileRef = E47358991F38BADB006DE437 /* SHA256.swift */; };
		E498B79B1F36747500721BAE /* NotificationHandler.swift in Sources */ = {isa = PBXBuildFile; fileRef = E498B79A1F36747500721BAE /* NotificationHandler.swift */; };
/* End PBXBuildFile section */

/* Begin PBXFileReference section */
		E41491161F2D218D003F52E4 /* Aegis.app */ = {isa = PBXFileReference; explicitFileType = wrapper.application; includeInIndex = 0; path = Aegis.app; sourceTree = BUILT_PRODUCTS_DIR; };
		E41491191F2D218D003F52E4 /* AppDelegate.swift */ = {isa = PBXFileReference; lastKnownFileType = sourcecode.swift; path = AppDelegate.swift; sourceTree = "<group>"; };
		E414911D1F2D218D003F52E4 /* Assets.xcassets */ = {isa = PBXFileReference; lastKnownFileType = folder.assetcatalog; path = Assets.xcassets; sourceTree = "<group>"; };
		E41491221F2D218E003F52E4 /* Info.plist */ = {isa = PBXFileReference; lastKnownFileType = text.plist.xml; path = Info.plist; sourceTree = "<group>"; };
		E41491281F2D222F003F52E4 /* AegisMenu.xib */ = {isa = PBXFileReference; fileEncoding = 4; lastKnownFileType = file.xib; path = AegisMenu.xib; sourceTree = "<group>"; };
		E414912A1F2D22AB003F52E4 /* AegisMenuController.swift */ = {isa = PBXFileReference; fileEncoding = 4; lastKnownFileType = sourcecode.swift; path = AegisMenuController.swift; sourceTree = "<group>"; };
		E414912E1F2D2EAA003F52E4 /* ArpWeaver.swift */ = {isa = PBXFileReference; fileEncoding = 4; lastKnownFileType = sourcecode.swift; path = ArpWeaver.swift; sourceTree = "<group>"; };
		E41491321F2D30BD003F52E4 /* StatusView.swift */ = {isa = PBXFileReference; fileEncoding = 4; lastKnownFileType = sourcecode.swift; path = StatusView.swift; sourceTree = "<group>"; };
		E47358991F38BADB006DE437 /* SHA256.swift */ = {isa = PBXFileReference; fileEncoding = 4; lastKnownFileType = sourcecode.swift; path = SHA256.swift; sourceTree = "<group>"; };
		E473589B1F38BB1B006DE437 /* BridgingHeader.h */ = {isa = PBXFileReference; lastKnownFileType = sourcecode.c.h; path = BridgingHeader.h; sourceTree = "<group>"; };
		E498B79A1F36747500721BAE /* NotificationHandler.swift */ = {isa = PBXFileReference; fileEncoding = 4; lastKnownFileType = sourcecode.swift; path = NotificationHandler.swift; sourceTree = "<group>"; };
/* End PBXFileReference section */

/* Begin PBXFrameworksBuildPhase section */
		E41491131F2D218D003F52E4 /* Frameworks */ = {
			isa = PBXFrameworksBuildPhase;
			buildActionMask = 2147483647;
			files = (
			);
			runOnlyForDeploymentPostprocessing = 0;
		};
/* End PBXFrameworksBuildPhase section */

/* Begin PBXGroup section */
		E414910D1F2D218D003F52E4 = {
			isa = PBXGroup;
			children = (
				E41491181F2D218D003F52E4 /* Aegis */,
				E41491171F2D218D003F52E4 /* Products */,
			);
			sourceTree = "<group>";
		};
		E41491171F2D218D003F52E4 /* Products */ = {
			isa = PBXGroup;
			children = (
				E41491161F2D218D003F52E4 /* Aegis.app */,
			);
			name = Products;
			sourceTree = "<group>";
		};
		E41491181F2D218D003F52E4 /* Aegis */ = {
			isa = PBXGroup;
			children = (
				E41491191F2D218D003F52E4 /* AppDelegate.swift */,
				E414911D1F2D218D003F52E4 /* Assets.xcassets */,
				E41491221F2D218E003F52E4 /* Info.plist */,
				E41491281F2D222F003F52E4 /* AegisMenu.xib */,
				E414912A1F2D22AB003F52E4 /* AegisMenuController.swift */,
				E414912E1F2D2EAA003F52E4 /* ArpWeaver.swift */,
				E41491321F2D30BD003F52E4 /* StatusView.swift */,
				E47358991F38BADB006DE437 /* SHA256.swift */,
				E473589B1F38BB1B006DE437 /* BridgingHeader.h */,
				E498B79A1F36747500721BAE /* NotificationHandler.swift */,
			);
			path = Aegis;
			sourceTree = "<group>";
		};
/* End PBXGroup section */

/* Begin PBXNativeTarget section */
		E41491151F2D218D003F52E4 /* Aegis */ = {
			isa = PBXNativeTarget;
			buildConfigurationList = E41491251F2D218E003F52E4 /* Build configuration list for PBXNativeTarget "Aegis" */;
			buildPhases = (
				E41491121F2D218D003F52E4 /* Sources */,
				E41491131F2D218D003F52E4 /* Frameworks */,
				E41491141F2D218D003F52E4 /* Resources */,
			);
			buildRules = (
			);
			dependencies = (
			);
			name = Aegis;
			productName = Aegis;
			productReference = E41491161F2D218D003F52E4 /* Aegis.app */;
			productType = "com.apple.product-type.application";
		};
/* End PBXNativeTarget section */

/* Begin PBXProject section */
		E414910E1F2D218D003F52E4 /* Project object */ = {
			isa = PBXProject;
			attributes = {
				LastSwiftUpdateCheck = 0830;
				LastUpgradeCheck = 0830;
				ORGANIZATIONNAME = "Black Monkeys Corporation";
				TargetAttributes = {
					E41491151F2D218D003F52E4 = {
						CreatedOnToolsVersion = 8.3.3;
						DevelopmentTeam = 8H53752UA9;
						ProvisioningStyle = Automatic;
					};
				};
			};
			buildConfigurationList = E41491111F2D218D003F52E4 /* Build configuration list for PBXProject "Aegis" */;
			compatibilityVersion = "Xcode 3.2";
			developmentRegion = English;
			hasScannedForEncodings = 0;
			knownRegions = (
				en,
				Base,
			);
			mainGroup = E414910D1F2D218D003F52E4;
			productRefGroup = E41491171F2D218D003F52E4 /* Products */;
			projectDirPath = "";
			projectRoot = "";
			targets = (
				E41491151F2D218D003F52E4 /* Aegis */,
			);
		};
/* End PBXProject section */

/* Begin PBXResourcesBuildPhase section */
		E41491141F2D218D003F52E4 /* Resources */ = {
			isa = PBXResourcesBuildPhase;
			buildActionMask = 2147483647;
			files = (
				E41491291F2D222F003F52E4 /* AegisMenu.xib in Resources */,
				E414911E1F2D218D003F52E4 /* Assets.xcassets in Resources */,
			);
			runOnlyForDeploymentPostprocessing = 0;
		};
/* End PBXResourcesBuildPhase section */

/* Begin PBXSourcesBuildPhase section */
		E41491121F2D218D003F52E4 /* Sources */ = {
			isa = PBXSourcesBuildPhase;
			buildActionMask = 2147483647;
			files = (
				E414912B1F2D22AB003F52E4 /* AegisMenuController.swift in Sources */,
				E414911A1F2D218D003F52E4 /* AppDelegate.swift in Sources */,
				E473589A1F38BADB006DE437 /* SHA256.swift in Sources */,
				E498B79B1F36747500721BAE /* NotificationHandler.swift in Sources */,
				E41491331F2D30BD003F52E4 /* StatusView.swift in Sources */,
				E414912F1F2D2EAA003F52E4 /* ArpWeaver.swift in Sources */,
			);
			runOnlyForDeploymentPostprocessing = 0;
		};
/* End PBXSourcesBuildPhase section */

/* Begin XCBuildConfiguration section */
		E41491231F2D218E003F52E4 /* Debug */ = {
			isa = XCBuildConfiguration;
			buildSettings = {
				ALWAYS_SEARCH_USER_PATHS = NO;
				CLANG_ANALYZER_NONNULL = YES;
				CLANG_ANALYZER_NUMBER_OBJECT_CONVERSION = YES_AGGRESSIVE;
				CLANG_CXX_LANGUAGE_STANDARD = "gnu++0x";
				CLANG_CXX_LIBRARY = "libc++";
				CLANG_ENABLE_MODULES = YES;
				CLANG_ENABLE_OBJC_ARC = YES;
				CLANG_WARN_BOOL_CONVERSION = YES;
				CLANG_WARN_CONSTANT_CONVERSION = YES;
				CLANG_WARN_DIRECT_OBJC_ISA_USAGE = YES_ERROR;
				CLANG_WARN_DOCUMENTATION_COMMENTS = YES;
				CLANG_WARN_EMPTY_BODY = YES;
				CLANG_WARN_ENUM_CONVERSION = YES;
				CLANG_WARN_INFINITE_RECURSION = YES;
				CLANG_WARN_INT_CONVERSION = YES;
				CLANG_WARN_OBJC_ROOT_CLASS = YES_ERROR;
				CLANG_WARN_SUSPICIOUS_MOVE = YES;
				CLANG_WARN_UNREACHABLE_CODE = YES;
				CLANG_WARN__DUPLICATE_METHOD_MATCH = YES;
				CODE_SIGN_IDENTITY = "-";
				COPY_PHASE_STRIP = NO;
				DEBUG_INFORMATION_FORMAT = dwarf;
				ENABLE_STRICT_OBJC_MSGSEND = YES;
				ENABLE_TESTABILITY = YES;
				GCC_C_LANGUAGE_STANDARD = gnu99;
				GCC_DYNAMIC_NO_PIC = NO;
				GCC_NO_COMMON_BLOCKS = YES;
				GCC_OPTIMIZATION_LEVEL = 0;
				GCC_PREPROCESSOR_DEFINITIONS = (
					"DEBUG=1",
					"$(inherited)",
				);
				GCC_WARN_64_TO_32_BIT_CONVERSION = YES;
				GCC_WARN_ABOUT_RETURN_TYPE = YES_ERROR;
				GCC_WARN_UNDECLARED_SELECTOR = YES;
				GCC_WARN_UNINITIALIZED_AUTOS = YES_AGGRESSIVE;
				GCC_WARN_UNUSED_FUNCTION = YES;
				GCC_WARN_UNUSED_VARIABLE = YES;
				MACOSX_DEPLOYMENT_TARGET = 10.12;
				MTL_ENABLE_DEBUG_INFO = YES;
				ONLY_ACTIVE_ARCH = YES;
				SDKROOT = macosx;
				SWIFT_ACTIVE_COMPILATION_CONDITIONS = DEBUG;
				SWIFT_OPTIMIZATION_LEVEL = "-Onone";
			};
			name = Debug;
		};
		E41491241F2D218E003F52E4 /* Release */ = {
			isa = XCBuildConfiguration;
			buildSettings = {
				ALWAYS_SEARCH_USER_PATHS = NO;
				CLANG_ANALYZER_NONNULL = YES;
				CLANG_ANALYZER_NUMBER_OBJECT_CONVERSION = YES_AGGRESSIVE;
				CLANG_CXX_LANGUAGE_STANDARD = "gnu++0x";
				CLANG_CXX_LIBRARY = "libc++";
				CLANG_ENABLE_MODULES = YES;
				CLANG_ENABLE_OBJC_ARC = YES;
				CLANG_WARN_BOOL_CONVERSION = YES;
				CLANG_WARN_CONSTANT_CONVERSION = YES;
				CLANG_WARN_DIRECT_OBJC_ISA_USAGE = YES_ERROR;
				CLANG_WARN_DOCUMENTATION_COMMENTS = YES;
				CLANG_WARN_EMPTY_BODY = YES;
				CLANG_WARN_ENUM_CONVERSION = YES;
				CLANG_WARN_INFINITE_RECURSION = YES;
				CLANG_WARN_INT_CONVERSION = YES;
				CLANG_WARN_OBJC_ROOT_CLASS = YES_ERROR;
				CLANG_WARN_SUSPICIOUS_MOVE = YES;
				CLANG_WARN_UNREACHABLE_CODE = YES;
				CLANG_WARN__DUPLICATE_METHOD_MATCH = YES;
				CODE_SIGN_IDENTITY = "-";
				COPY_PHASE_STRIP = NO;
				DEBUG_INFORMATION_FORMAT = "dwarf-with-dsym";
				ENABLE_NS_ASSERTIONS = NO;
				ENABLE_STRICT_OBJC_MSGSEND = YES;
				GCC_C_LANGUAGE_STANDARD = gnu99;
				GCC_NO_COMMON_BLOCKS = YES;
				GCC_WARN_64_TO_32_BIT_CONVERSION = YES;
				GCC_WARN_ABOUT_RETURN_TYPE = YES_ERROR;
				GCC_WARN_UNDECLARED_SELECTOR = YES;
				GCC_WARN_UNINITIALIZED_AUTOS = YES_AGGRESSIVE;
				GCC_WARN_UNUSED_FUNCTION = YES;
				GCC_WARN_UNUSED_VARIABLE = YES;
				MACOSX_DEPLOYMENT_TARGET = 10.12;
				MTL_ENABLE_DEBUG_INFO = NO;
				SDKROOT = macosx;
				SWIFT_OPTIMIZATION_LEVEL = "-Owholemodule";
			};
			name = Release;
		};
		E41491261F2D218E003F52E4 /* Debug */ = {
			isa = XCBuildConfiguration;
			buildSettings = {
				ASSETCATALOG_COMPILER_APPICON_NAME = AppIcon;
				COMBINE_HIDPI_IMAGES = YES;
				DEVELOPMENT_TEAM = 8H53752UA9;
				INFOPLIST_FILE = Aegis/Info.plist;
				LD_RUNPATH_SEARCH_PATHS = "$(inherited) @executable_path/../Frameworks";
				PRODUCT_BUNDLE_IDENTIFIER = BMC.Aegis;
				PRODUCT_NAME = "$(TARGET_NAME)";
				SWIFT_OBJC_BRIDGING_HEADER = Aegis/BridgingHeader.h;
				SWIFT_VERSION = 3.0;
			};
			name = Debug;
		};
		E41491271F2D218E003F52E4 /* Release */ = {
			isa = XCBuildConfiguration;
			buildSettings = {
				ASSETCATALOG_COMPILER_APPICON_NAME = AppIcon;
				COMBINE_HIDPI_IMAGES = YES;
				DEVELOPMENT_TEAM = 8H53752UA9;
				INFOPLIST_FILE = Aegis/Info.plist;
				LD_RUNPATH_SEARCH_PATHS = "$(inherited) @executable_path/../Frameworks";
				PRODUCT_BUNDLE_IDENTIFIER = BMC.Aegis;
				PRODUCT_NAME = "$(TARGET_NAME)";
				SWIFT_OBJC_BRIDGING_HEADER = Aegis/BridgingHeader.h;
				SWIFT_VERSION = 3.0;
			};
			name = Release;
		};
/* End XCBuildConfiguration section */

/* Begin XCConfigurationList section */
		E41491111F2D218D003F52E4 /* Build configuration list for PBXProject "Aegis" */ = {
			isa = XCConfigurationList;
			buildConfigurations = (
				E41491231F2D218E003F52E4 /* Debug */,
				E41491241F2D218E003F52E4 /* Release */,
			);
			defaultConfigurationIsVisible = 0;
			defaultConfigurationName = Release;
		};
		E41491251F2D218E003F52E4 /* Build configuration list for PBXNativeTarget "Aegis" */ = {
			isa = XCConfigurationList;
			buildConfigurations = (
				E41491261F2D218E003F52E4 /* Debug */,
				E41491271F2D218E003F52E4 /* Release */,
			);
			defaultConfigurationIsVisible = 0;
			defaultConfigurationName = Release;
		};
/* End XCConfigurationList section */
	};
	rootObject = E414910E1F2D218D003F52E4 /* Project object */;
}
